
Microsoft Visual Studio Solution File, Format Version 12.00
# Visual Studio Version 17
VisualStudioVersion = 17.13.35919.96 d17.13
MinimumVisualStudioVersion = 10.0.40219.1
Project("{FAE04EC0-301F-11D3-BF4B-00C04F79EFBC}") = "encapsulation_prectice", "encapsulation_prectice\encapsulation_prectice.csproj", "{D97B5432-8B52-461E-AE1F-82715EB64488}"
EndProject
Global
	GlobalSection(SolutionConfigurationPlatforms) = preSolution
		Debug|Any CPU = Debug|Any CPU
		Release|Any CPU = Release|Any CPU
	EndGlobalSection
	GlobalSection(ProjectConfigurationPlatforms) = postSolution
		{D97B5432-8B52-461E-AE1F-82715EB64488}.Debug|Any CPU.ActiveCfg = Debug|Any CPU
		{D97B5432-8B52-461E-AE1F-82715EB64488}.Debug|Any CPU.Build.0 = Debug|Any CPU
		{D97B5432-8B52-461E-AE1F-82715EB64488}.Release|Any CPU.ActiveCfg = Release|Any CPU
		{D97B5432-8B52-461E-AE1F-82715EB64488}.Release|Any CPU.Build.0 = Release|Any CPU
	EndGlobalSection
	GlobalSection(SolutionProperties) = preSolution
		HideSolutionNode = FALSE
	EndGlobalSection
	GlobalSection(ExtensibilityGlobals) = postSolution
		SolutionGuid = {DD628EA8-329B-465B-BBE9-1EC2A75B260E}
	EndGlobalSection
EndGlobal
