
Microsoft Visual Studio Solution File, Format Version 12.00
# Visual Studio Version 17
VisualStudioVersion = 17.13.35919.96 d17.13
MinimumVisualStudioVersion = 10.0.40219.1
Project("{FAE04EC0-301F-11D3-BF4B-00C04F79EFBC}") = "assgniment3", "assgniment3\assgniment3.csproj", "{95FD55D0-87B1-43A7-A634-39CB16ED39CB}"
EndProject
Global
	GlobalSection(SolutionConfigurationPlatforms) = preSolution
		Debug|Any CPU = Debug|Any CPU
		Release|Any CPU = Release|Any CPU
	EndGlobalSection
	GlobalSection(ProjectConfigurationPlatforms) = postSolution
		{95FD55D0-87B1-43A7-A634-39CB16ED39CB}.Debug|Any CPU.ActiveCfg = Debug|Any CPU
		{95FD55D0-87B1-43A7-A634-39CB16ED39CB}.Debug|Any CPU.Build.0 = Debug|Any CPU
		{95FD55D0-87B1-43A7-A634-39CB16ED39CB}.Release|Any CPU.ActiveCfg = Release|Any CPU
		{95FD55D0-87B1-43A7-A634-39CB16ED39CB}.Release|Any CPU.Build.0 = Release|Any CPU
	EndGlobalSection
	GlobalSection(SolutionProperties) = preSolution
		HideSolutionNode = FALSE
	EndGlobalSection
	GlobalSection(ExtensibilityGlobals) = postSolution
		SolutionGuid = {5648692D-FA76-454E-B010-AB12F548ECB0}
	EndGlobalSection
EndGlobal
