
Microsoft Visual Studio Solution File, Format Version 12.00
# Visual Studio Version 17
VisualStudioVersion = 17.13.35931.197 d17.13
MinimumVisualStudioVersion = 10.0.40219.1
Project("{FAE04EC0-301F-11D3-BF4B-00C04F79EFBC}") = "myEmpty_webApp", "myEmpty_webApp\myEmpty_webApp.csproj", "{5D163212-453A-455B-AEC0-56CA2094E659}"
EndProject
Global
	GlobalSection(SolutionConfigurationPlatforms) = preSolution
		Debug|Any CPU = Debug|Any CPU
		Release|Any CPU = Release|Any CPU
	EndGlobalSection
	GlobalSection(ProjectConfigurationPlatforms) = postSolution
		{5D163212-453A-455B-AEC0-56CA2094E659}.Debug|Any CPU.ActiveCfg = Debug|Any CPU
		{5D163212-453A-455B-AEC0-56CA2094E659}.Debug|Any CPU.Build.0 = Debug|Any CPU
		{5D163212-453A-455B-AEC0-56CA2094E659}.Release|Any CPU.ActiveCfg = Release|Any CPU
		{5D163212-453A-455B-AEC0-56CA2094E659}.Release|Any CPU.Build.0 = Release|Any CPU
	EndGlobalSection
	GlobalSection(SolutionProperties) = preSolution
		HideSolutionNode = FALSE
	EndGlobalSection
	GlobalSection(ExtensibilityGlobals) = postSolution
		SolutionGuid = {4B12BF93-2178-4519-B824-70B908881821}
	EndGlobalSection
EndGlobal
