
Microsoft Visual Studio Solution File, Format Version 12.00
# Visual Studio Version 17
VisualStudioVersion = 17.13.35913.81
MinimumVisualStudioVersion = 10.0.40219.1
Project("{FAE04EC0-301F-11D3-BF4B-00C04F79EFBC}") = "Assignment", "Assignment\Assignment.csproj", "{1A159DF7-016A-469E-9E25-8F3EF973DE59}"
EndProject
Project("{FAE04EC0-301F-11D3-BF4B-00C04F79EFBC}") = "assign2_array_prectice", "assign2_array_prectice\assign2_array_prectice.csproj", "{D2B98057-3D18-442C-9214-0876E79FA071}"
EndProject
Global
	GlobalSection(SolutionConfigurationPlatforms) = preSolution
		Debug|Any CPU = Debug|Any CPU
		Release|Any CPU = Release|Any CPU
	EndGlobalSection
	GlobalSection(ProjectConfigurationPlatforms) = postSolution
		{1A159DF7-016A-469E-9E25-8F3EF973DE59}.Debug|Any CPU.ActiveCfg = Debug|Any CPU
		{1A159DF7-016A-469E-9E25-8F3EF973DE59}.Debug|Any CPU.Build.0 = Debug|Any CPU
		{1A159DF7-016A-469E-9E25-8F3EF973DE59}.Release|Any CPU.ActiveCfg = Release|Any CPU
		{1A159DF7-016A-469E-9E25-8F3EF973DE59}.Release|Any CPU.Build.0 = Release|Any CPU
		{D2B98057-3D18-442C-9214-0876E79FA071}.Debug|Any CPU.ActiveCfg = Debug|Any CPU
		{D2B98057-3D18-442C-9214-0876E79FA071}.Debug|Any CPU.Build.0 = Debug|Any CPU
		{D2B98057-3D18-442C-9214-0876E79FA071}.Release|Any CPU.ActiveCfg = Release|Any CPU
		{D2B98057-3D18-442C-9214-0876E79FA071}.Release|Any CPU.Build.0 = Release|Any CPU
	EndGlobalSection
	GlobalSection(SolutionProperties) = preSolution
		HideSolutionNode = FALSE
	EndGlobalSection
	GlobalSection(ExtensibilityGlobals) = postSolution
		SolutionGuid = {F3F47F28-C943-40F8-9EE9-8BE561C6E66A}
	EndGlobalSection
EndGlobal
