
Microsoft Visual Studio Solution File, Format Version 12.00
# Visual Studio Version 17
VisualStudioVersion = 17.13.35931.197 d17.13
MinimumVisualStudioVersion = 10.0.40219.1
Project("{FAE04EC0-301F-11D3-BF4B-00C04F79EFBC}") = "ConsoleApp3", "ConsoleApp3\ConsoleApp3.csproj", "{BF90ACF8-3938-43B5-B947-B83BEBD4C447}"
EndProject
Global
	GlobalSection(SolutionConfigurationPlatforms) = preSolution
		Debug|Any CPU = Debug|Any CPU
		Release|Any CPU = Release|Any CPU
	EndGlobalSection
	GlobalSection(ProjectConfigurationPlatforms) = postSolution
		{BF90ACF8-3938-43B5-B947-B83BEBD4C447}.Debug|Any CPU.ActiveCfg = Debug|Any CPU
		{BF90ACF8-3938-43B5-B947-B83BEBD4C447}.Debug|Any CPU.Build.0 = Debug|Any CPU
		{BF90ACF8-3938-43B5-B947-B83BEBD4C447}.Release|Any CPU.ActiveCfg = Release|Any CPU
		{BF90ACF8-3938-43B5-B947-B83BEBD4C447}.Release|Any CPU.Build.0 = Release|Any CPU
	EndGlobalSection
	GlobalSection(SolutionProperties) = preSolution
		HideSolutionNode = FALSE
	EndGlobalSection
	GlobalSection(ExtensibilityGlobals) = postSolution
		SolutionGuid = {698DB846-F7AB-4339-BCF1-319701E721D5}
	EndGlobalSection
EndGlobal
