
Microsoft Visual Studio Solution File, Format Version 12.00
# Visual Studio Version 17
VisualStudioVersion = 17.13.35919.96 d17.13
MinimumVisualStudioVersion = 10.0.40219.1
Project("{FAE04EC0-301F-11D3-BF4B-00C04F79EFBC}") = "inheritance_prectice", "inheritance_prectice\inheritance_prectice.csproj", "{79DC8E34-E733-4565-B477-BF5DE9C9736B}"
EndProject
Global
	GlobalSection(SolutionConfigurationPlatforms) = preSolution
		Debug|Any CPU = Debug|Any CPU
		Release|Any CPU = Release|Any CPU
	EndGlobalSection
	GlobalSection(ProjectConfigurationPlatforms) = postSolution
		{79DC8E34-E733-4565-B477-BF5DE9C9736B}.Debug|Any CPU.ActiveCfg = Debug|Any CPU
		{79DC8E34-E733-4565-B477-BF5DE9C9736B}.Debug|Any CPU.Build.0 = Debug|Any CPU
		{79DC8E34-E733-4565-B477-BF5DE9C9736B}.Release|Any CPU.ActiveCfg = Release|Any CPU
		{79DC8E34-E733-4565-B477-BF5DE9C9736B}.Release|Any CPU.Build.0 = Release|Any CPU
	EndGlobalSection
	GlobalSection(SolutionProperties) = preSolution
		HideSolutionNode = FALSE
	EndGlobalSection
	GlobalSection(ExtensibilityGlobals) = postSolution
		SolutionGuid = {4F3BBFD5-34EB-4EC9-B646-E09ED1351C03}
	EndGlobalSection
EndGlobal
