
Microsoft Visual Studio Solution File, Format Version 12.00
# Visual Studio Version 17
VisualStudioVersion = 17.13.35931.197 d17.13
MinimumVisualStudioVersion = 10.0.40219.1
Project("{FAE04EC0-301F-11D3-BF4B-00C04F79EFBC}") = "dll_prectice", "dll_prectice\dll_prectice.csproj", "{6A9D9FCF-AEC4-4674-8E92-68C63ADC43A6}"
EndProject
Project("{FAE04EC0-301F-11D3-BF4B-00C04F79EFBC}") = "mylib", "mylib\mylib.csproj", "{4E65CCE1-91C6-466C-AA19-EE6F3A62757F}"
EndProject
Global
	GlobalSection(SolutionConfigurationPlatforms) = preSolution
		Debug|Any CPU = Debug|Any CPU
		Release|Any CPU = Release|Any CPU
	EndGlobalSection
	GlobalSection(ProjectConfigurationPlatforms) = postSolution
		{6A9D9FCF-AEC4-4674-8E92-68C63ADC43A6}.Debug|Any CPU.ActiveCfg = Debug|Any CPU
		{6A9D9FCF-AEC4-4674-8E92-68C63ADC43A6}.Debug|Any CPU.Build.0 = Debug|Any CPU
		{6A9D9FCF-AEC4-4674-8E92-68C63ADC43A6}.Release|Any CPU.ActiveCfg = Release|Any CPU
		{6A9D9FCF-AEC4-4674-8E92-68C63ADC43A6}.Release|Any CPU.Build.0 = Release|Any CPU
		{4E65CCE1-91C6-466C-AA19-EE6F3A62757F}.Debug|Any CPU.ActiveCfg = Debug|Any CPU
		{4E65CCE1-91C6-466C-AA19-EE6F3A62757F}.Debug|Any CPU.Build.0 = Debug|Any CPU
		{4E65CCE1-91C6-466C-AA19-EE6F3A62757F}.Release|Any CPU.ActiveCfg = Release|Any CPU
		{4E65CCE1-91C6-466C-AA19-EE6F3A62757F}.Release|Any CPU.Build.0 = Release|Any CPU
	EndGlobalSection
	GlobalSection(SolutionProperties) = preSolution
		HideSolutionNode = FALSE
	EndGlobalSection
	GlobalSection(ExtensibilityGlobals) = postSolution
		SolutionGuid = {D1F0F7CA-2F23-49C3-9DCE-A3673060A67F}
	EndGlobalSection
EndGlobal
