
Microsoft Visual Studio Solution File, Format Version 12.00
# Visual Studio Version 17
VisualStudioVersion = 17.13.35931.197 d17.13
MinimumVisualStudioVersion = 10.0.40219.1
Project("{FAE04EC0-301F-11D3-BF4B-00C04F79EFBC}") = "extention_prectice", "extention_prectice\extention_prectice.csproj", "{1DB7254D-3DAD-42D3-B444-DA461492D11E}"
EndProject
Project("{FAE04EC0-301F-11D3-BF4B-00C04F79EFBC}") = "myclasslib", "myclasslib\myclasslib.csproj", "{B39E0304-55FF-486A-BA4C-403767319171}"
EndProject
Global
	GlobalSection(SolutionConfigurationPlatforms) = preSolution
		Debug|Any CPU = Debug|Any CPU
		Release|Any CPU = Release|Any CPU
	EndGlobalSection
	GlobalSection(ProjectConfigurationPlatforms) = postSolution
		{1DB7254D-3DAD-42D3-B444-DA461492D11E}.Debug|Any CPU.ActiveCfg = Debug|Any CPU
		{1DB7254D-3DAD-42D3-B444-DA461492D11E}.Debug|Any CPU.Build.0 = Debug|Any CPU
		{1DB7254D-3DAD-42D3-B444-DA461492D11E}.Release|Any CPU.ActiveCfg = Release|Any CPU
		{1DB7254D-3DAD-42D3-B444-DA461492D11E}.Release|Any CPU.Build.0 = Release|Any CPU
		{B39E0304-55FF-486A-BA4C-403767319171}.Debug|Any CPU.ActiveCfg = Debug|Any CPU
		{B39E0304-55FF-486A-BA4C-403767319171}.Debug|Any CPU.Build.0 = Debug|Any CPU
		{B39E0304-55FF-486A-BA4C-403767319171}.Release|Any CPU.ActiveCfg = Release|Any CPU
		{B39E0304-55FF-486A-BA4C-403767319171}.Release|Any CPU.Build.0 = Release|Any CPU
	EndGlobalSection
	GlobalSection(SolutionProperties) = preSolution
		HideSolutionNode = FALSE
	EndGlobalSection
	GlobalSection(ExtensibilityGlobals) = postSolution
		SolutionGuid = {271BC5A4-A043-4A89-BFF6-3FABA2834ECE}
	EndGlobalSection
EndGlobal
