
Microsoft Visual Studio Solution File, Format Version 12.00
# Visual Studio Version 17
VisualStudioVersion = 17.13.35931.197 d17.13
MinimumVisualStudioVersion = 10.0.40219.1
Project("{FAE04EC0-301F-11D3-BF4B-00C04F79EFBC}") = "delegets_prectice", "delegets_prectice\delegets_prectice.csproj", "{4B078B7B-0941-4662-ABF8-D50BA77FBC43}"
EndProject
Global
	GlobalSection(SolutionConfigurationPlatforms) = preSolution
		Debug|Any CPU = Debug|Any CPU
		Release|Any CPU = Release|Any CPU
	EndGlobalSection
	GlobalSection(ProjectConfigurationPlatforms) = postSolution
		{4B078B7B-0941-4662-ABF8-D50BA77FBC43}.Debug|Any CPU.ActiveCfg = Debug|Any CPU
		{4B078B7B-0941-4662-ABF8-D50BA77FBC43}.Debug|Any CPU.Build.0 = Debug|Any CPU
		{4B078B7B-0941-4662-ABF8-D50BA77FBC43}.Release|Any CPU.ActiveCfg = Release|Any CPU
		{4B078B7B-0941-4662-ABF8-D50BA77FBC43}.Release|Any CPU.Build.0 = Release|Any CPU
	EndGlobalSection
	GlobalSection(SolutionProperties) = preSolution
		HideSolutionNode = FALSE
	EndGlobalSection
	GlobalSection(ExtensibilityGlobals) = postSolution
		SolutionGuid = {D7D97495-D5CA-4030-8DF3-EC900ECB4597}
	EndGlobalSection
EndGlobal
